
Microsoft Visual Studio Solution File, Format Version 12.00
# Visual Studio Version 16
VisualStudioVersion = 16.0.33423.256
MinimumVisualStudioVersion = 10.0.40219.1
Project("{FAE04EC0-301F-11D3-BF4B-00C04F79EFBC}") = "BTCSharpBTLINQ2", "BTCSharpBTLINQ2.csproj", "{AE9421DA-5AC9-46D8-BFC7-A1BB53509074}"
EndProject
Global
	GlobalSection(SolutionConfigurationPlatforms) = preSolution
		Debug|Any CPU = Debug|Any CPU
		Release|Any CPU = Release|Any CPU
	EndGlobalSection
	GlobalSection(ProjectConfigurationPlatforms) = postSolution
		{AE9421DA-5AC9-46D8-BFC7-A1BB53509074}.Debug|Any CPU.ActiveCfg = Debug|Any CPU
		{AE9421DA-5AC9-46D8-BFC7-A1BB53509074}.Debug|Any CPU.Build.0 = Debug|Any CPU
		{AE9421DA-5AC9-46D8-BFC7-A1BB53509074}.Release|Any CPU.ActiveCfg = Release|Any CPU
		{AE9421DA-5AC9-46D8-BFC7-A1BB53509074}.Release|Any CPU.Build.0 = Release|Any CPU
	EndGlobalSection
	GlobalSection(SolutionProperties) = preSolution
		HideSolutionNode = FALSE
	EndGlobalSection
	GlobalSection(ExtensibilityGlobals) = postSolution
		SolutionGuid = {94E29487-8126-41E1-B3BC-AAD6B5C8E8B4}
	EndGlobalSection
EndGlobal
